PODS:
  - GiphyCoreSDK (1.4.0)
  - Kingfisher (5.1.0)

DEPENDENCIES:
  - GiphyCoreSDK
  - Kingfisher

SPEC REPOS:
  https://github.com/cocoapods/specs.git:
    - GiphyCoreSDK
    - Kingfisher

SPEC CHECKSUMS:
  GiphyCoreSDK: 1fe401c5fc65f182e7aa8b7fb2c9005f2a523374
  Kingfisher: fcec238063d17404fca89bf0a850583211c4cbf6

PODFILE CHECKSUM: e7c62496e46635614d16a3d6e4e6623598b9b029

COCOAPODS: 1.6.0.beta.2
